// !$*UTF8*$!
{
	archiveVersion = 1;
	classes = {
	};
	objectVersion = 46;
	objects = {

/* Begin PBXBuildFile section */
		5FF7BEFCBCFBFDE3E983761D /* libPods.a in Frameworks */ = {isa = PBXBuildFile; fileRef = C423F7DFB67CFE3D626752A3 /* libPods.a */; };
		EB5A6DDC1A2ABAFE007A3C1B /* AppDelegate.swift in Sources */ = {isa = PBXBuildFile; fileRef = EB5A6DDB1A2ABAFE007A3C1B /* AppDelegate.swift */; };
		EB5A6DE11A2ABAFE007A3C1B /* Main.storyboard in Resources */ = {isa = PBXBuildFile; fileRef = EB5A6DDF1A2ABAFE007A3C1B /* Main.storyboard */; };
		EB5A6DE31A2ABAFE007A3C1B /* Images.xcassets in Resources */ = {isa = PBXBuildFile; fileRef = EB5A6DE21A2ABAFE007A3C1B /* Images.xcassets */; };
		EB5A6DE61A2ABAFE007A3C1B /* LaunchScreen.xib in Resources */ = {isa = PBXBuildFile; fileRef = EB5A6DE41A2ABAFE007A3C1B /* LaunchScreen.xib */; };
		EB5A6DF21A2ABAFE007A3C1B /* xkcd_webcomicsTests.swift in Sources */ = {isa = PBXBuildFile; fileRef = EB5A6DF11A2ABAFE007A3C1B /* xkcd_webcomicsTests.swift */; };
		EB5A6DFD1A2ABE44007A3C1B /* image01.png in Resources */ = {isa = PBXBuildFile; fileRef = EB5A6DFC1A2ABE44007A3C1B /* image01.png */; };
		EB5A6E001A2AC287007A3C1B /* ComicViewController.swift in Sources */ = {isa = PBXBuildFile; fileRef = EB5A6DFF1A2AC287007A3C1B /* ComicViewController.swift */; };
		EB5A6E021A2AC503007A3C1B /* image02.png in Resources */ = {isa = PBXBuildFile; fileRef = EB5A6E011A2AC503007A3C1B /* image02.png */; };
		EB5A6E041A2AC9B4007A3C1B /* image03.png in Resources */ = {isa = PBXBuildFile; fileRef = EB5A6E031A2AC9B4007A3C1B /* image03.png */; };
		EB5A6E071A2ACB68007A3C1B /* image04.png in Resources */ = {isa = PBXBuildFile; fileRef = EB5A6E051A2ACB68007A3C1B /* image04.png */; };
		EB5A6E081A2ACB68007A3C1B /* image05.png in Resources */ = {isa = PBXBuildFile; fileRef = EB5A6E061A2ACB68007A3C1B /* image05.png */; };
		EB5A6E0A1A2ACBD7007A3C1B /* image06.png in Resources */ = {isa = PBXBuildFile; fileRef = EB5A6E091A2ACBD7007A3C1B /* image06.png */; };
		EB5A6E0C1A2ACF06007A3C1B /* ComicView.swift in Sources */ = {isa = PBXBuildFile; fileRef = EB5A6E0B1A2ACF06007A3C1B /* ComicView.swift */; };
		EB5A6E0E1A2AD4E3007A3C1B /* Common.swift in Sources */ = {isa = PBXBuildFile; fileRef = EB5A6E0D1A2AD4E3007A3C1B /* Common.swift */; };
		EB5A6E131A2AE007007A3C1B /* Comic.swift in Sources */ = {isa = PBXBuildFile; fileRef = EB5A6E121A2AE007007A3C1B /* Comic.swift */; };
/* End PBXBuildFile section */

/* Begin PBXContainerItemProxy section */
		EB5A6DEC1A2ABAFE007A3C1B /* PBXContainerItemProxy */ = {
			isa = PBXContainerItemProxy;
			containerPortal = EB5A6DCE1A2ABAFE007A3C1B /* Project object */;
			proxyType = 1;
			remoteGlobalIDString = EB5A6DD51A2ABAFE007A3C1B;
			remoteInfo = "xkcd webcomics";
		};
/* End PBXContainerItemProxy section */

/* Begin PBXFileReference section */
		1FEC70A675876C9279AEAF0E /* Pods.debug.xcconfig */ = {isa = PBXFileReference; includeInIndex = 1; lastKnownFileType = text.xcconfig; name = Pods.debug.xcconfig; path = "Pods/Target Support Files/Pods/Pods.debug.xcconfig"; sourceTree = "<group>"; };
		4A2D97383E2540DBC4A8D2B2 /* Pods.release.xcconfig */ = {isa = PBXFileReference; includeInIndex = 1; lastKnownFileType = text.xcconfig; name = Pods.release.xcconfig; path = "Pods/Target Support Files/Pods/Pods.release.xcconfig"; sourceTree = "<group>"; };
		C423F7DFB67CFE3D626752A3 /* libPods.a */ = {isa = PBXFileReference; explicitFileType = archive.ar; includeInIndex = 0; path = libPods.a; sourceTree = BUILT_PRODUCTS_DIR; };
		EB2E0D651A2B699800ADB053 /* ObjectiveBridge.h */ = {isa = PBXFileReference; lastKnownFileType = sourcecode.c.h; path = ObjectiveBridge.h; sourceTree = "<group>"; };
		EB5A6DD61A2ABAFE007A3C1B /* xkcd webcomics.app */ = {isa = PBXFileReference; explicitFileType = wrapper.application; includeInIndex = 0; path = "xkcd webcomics.app"; sourceTree = BUILT_PRODUCTS_DIR; };
		EB5A6DDA1A2ABAFE007A3C1B /* Info.plist */ = {isa = PBXFileReference; lastKnownFileType = text.plist.xml; path = Info.plist; sourceTree = "<group>"; };
		EB5A6DDB1A2ABAFE007A3C1B /* AppDelegate.swift */ = {isa = PBXFileReference; lastKnownFileType = sourcecode.swift; path = AppDelegate.swift; sourceTree = "<group>"; };
		EB5A6DE01A2ABAFE007A3C1B /* Base */ = {isa = PBXFileReference; lastKnownFileType = file.storyboard; name = Base; path = Base.lproj/Main.storyboard; sourceTree = "<group>"; };
		EB5A6DE21A2ABAFE007A3C1B /* Images.xcassets */ = {isa = PBXFileReference; lastKnownFileType = folder.assetcatalog; path = Images.xcassets; sourceTree = "<group>"; };
		EB5A6DE51A2ABAFE007A3C1B /* Base */ = {isa = PBXFileReference; lastKnownFileType = file.xib; name = Base; path = Base.lproj/LaunchScreen.xib; sourceTree = "<group>"; };
		EB5A6DEB1A2ABAFE007A3C1B /* xkcd webcomicsTests.xctest */ = {isa = PBXFileReference; explicitFileType = wrapper.cfbundle; includeInIndex = 0; path = "xkcd webcomicsTests.xctest"; sourceTree = BUILT_PRODUCTS_DIR; };
		EB5A6DF01A2ABAFE007A3C1B /* Info.plist */ = {isa = PBXFileReference; lastKnownFileType = text.plist.xml; path = Info.plist; sourceTree = "<group>"; };
		EB5A6DF11A2ABAFE007A3C1B /* xkcd_webcomicsTests.swift */ = {isa = PBXFileReference; lastKnownFileType = sourcecode.swift; path = xkcd_webcomicsTests.swift; sourceTree = "<group>"; };
		EB5A6DFC1A2ABE44007A3C1B /* image01.png */ = {isa = PBXFileReference; lastKnownFileType = image.png; path = image01.png; sourceTree = "<group>"; };
		EB5A6DFF1A2AC287007A3C1B /* ComicViewController.swift */ = {isa = PBXFileReference; fileEncoding = 4; lastKnownFileType = sourcecode.swift; name = ComicViewController.swift; path = views/ComicViewController.swift; sourceTree = "<group>"; };
		EB5A6E011A2AC503007A3C1B /* image02.png */ = {isa = PBXFileReference; lastKnownFileType = image.png; path = image02.png; sourceTree = "<group>"; };
		EB5A6E031A2AC9B4007A3C1B /* image03.png */ = {isa = PBXFileReference; lastKnownFileType = image.png; path = image03.png; sourceTree = "<group>"; };
		EB5A6E051A2ACB68007A3C1B /* image04.png */ = {isa = PBXFileReference; lastKnownFileType = image.png; path = image04.png; sourceTree = "<group>"; };
		EB5A6E061A2ACB68007A3C1B /* image05.png */ = {isa = PBXFileReference; lastKnownFileType = image.png; path = image05.png; sourceTree = "<group>"; };
		EB5A6E091A2ACBD7007A3C1B /* image06.png */ = {isa = PBXFileReference; lastKnownFileType = image.png; path = image06.png; sourceTree = "<group>"; };
		EB5A6E0B1A2ACF06007A3C1B /* ComicView.swift */ = {isa = PBXFileReference; fileEncoding = 4; lastKnownFileType = sourcecode.swift; name = ComicView.swift; path = views/ComicView.swift; sourceTree = "<group>"; };
		EB5A6E0D1A2AD4E3007A3C1B /* Common.swift */ = {isa = PBXFileReference; fileEncoding = 4; lastKnownFileType = sourcecode.swift; path = Common.swift; sourceTree = "<group>"; };
		EB5A6E121A2AE007007A3C1B /* Comic.swift */ = {isa = PBXFileReference; fileEncoding = 4; lastKnownFileType = sourcecode.swift; path = Comic.swift; sourceTree = "<group>"; };
/* End PBXFileReference section */

/* Begin PBXFrameworksBuildPhase section */
		EB5A6DD31A2ABAFE007A3C1B /* Frameworks */ = {
			isa = PBXFrameworksBuildPhase;
			buildActionMask = 2147483647;
			files = (
				5FF7BEFCBCFBFDE3E983761D /* libPods.a in Frameworks */,
			);
			runOnlyForDeploymentPostprocessing = 0;
		};
		EB5A6DE81A2ABAFE007A3C1B /* Frameworks */ = {
			isa = PBXFrameworksBuildPhase;
			buildActionMask = 2147483647;
			files = (
			);
			runOnlyForDeploymentPostprocessing = 0;
		};
/* End PBXFrameworksBuildPhase section */

/* Begin PBXGroup section */
		05410D8EB0DD668EA916DFB7 /* Frameworks */ = {
			isa = PBXGroup;
			children = (
				C423F7DFB67CFE3D626752A3 /* libPods.a */,
			);
			name = Frameworks;
			sourceTree = "<group>";
		};
		D4A0C7A1E4083379951929D1 /* Pods */ = {
			isa = PBXGroup;
			children = (
				1FEC70A675876C9279AEAF0E /* Pods.debug.xcconfig */,
				4A2D97383E2540DBC4A8D2B2 /* Pods.release.xcconfig */,
			);
			name = Pods;
			sourceTree = "<group>";
		};
		EB5A6DCD1A2ABAFE007A3C1B = {
			isa = PBXGroup;
			children = (
				EB5A6DD81A2ABAFE007A3C1B /* xkcd webcomics */,
				EB5A6DEE1A2ABAFE007A3C1B /* xkcd webcomicsTests */,
				EB5A6DD71A2ABAFE007A3C1B /* Products */,
				D4A0C7A1E4083379951929D1 /* Pods */,
				05410D8EB0DD668EA916DFB7 /* Frameworks */,
			);
			sourceTree = "<group>";
		};
		EB5A6DD71A2ABAFE007A3C1B /* Products */ = {
			isa = PBXGroup;
			children = (
				EB5A6DD61A2ABAFE007A3C1B /* xkcd webcomics.app */,
				EB5A6DEB1A2ABAFE007A3C1B /* xkcd webcomicsTests.xctest */,
			);
			name = Products;
			sourceTree = "<group>";
		};
		EB5A6DD81A2ABAFE007A3C1B /* xkcd webcomics */ = {
			isa = PBXGroup;
			children = (
				EB5A6E111A2ADFFD007A3C1B /* util */,
				EB5A6DFE1A2AC272007A3C1B /* views */,
				EB5A6DFB1A2ABE44007A3C1B /* images */,
				EB5A6DDB1A2ABAFE007A3C1B /* AppDelegate.swift */,
				EB5A6DDF1A2ABAFE007A3C1B /* Main.storyboard */,
				EB5A6DE21A2ABAFE007A3C1B /* Images.xcassets */,
				EB5A6DE41A2ABAFE007A3C1B /* LaunchScreen.xib */,
				EB5A6DD91A2ABAFE007A3C1B /* Supporting Files */,
				EB5A6E0D1A2AD4E3007A3C1B /* Common.swift */,
			);
			path = "xkcd webcomics";
			sourceTree = "<group>";
		};
		EB5A6DD91A2ABAFE007A3C1B /* Supporting Files */ = {
			isa = PBXGroup;
			children = (
				EB5A6DDA1A2ABAFE007A3C1B /* Info.plist */,
			);
			name = "Supporting Files";
			sourceTree = "<group>";
		};
		EB5A6DEE1A2ABAFE007A3C1B /* xkcd webcomicsTests */ = {
			isa = PBXGroup;
			children = (
				EB5A6DF11A2ABAFE007A3C1B /* xkcd_webcomicsTests.swift */,
				EB5A6DEF1A2ABAFE007A3C1B /* Supporting Files */,
			);
			path = "xkcd webcomicsTests";
			sourceTree = "<group>";
		};
		EB5A6DEF1A2ABAFE007A3C1B /* Supporting Files */ = {
			isa = PBXGroup;
			children = (
				EB5A6DF01A2ABAFE007A3C1B /* Info.plist */,
			);
			name = "Supporting Files";
			sourceTree = "<group>";
		};
		EB5A6DFB1A2ABE44007A3C1B /* images */ = {
			isa = PBXGroup;
			children = (
				EB5A6DFC1A2ABE44007A3C1B /* image01.png */,
				EB5A6E011A2AC503007A3C1B /* image02.png */,
				EB5A6E031A2AC9B4007A3C1B /* image03.png */,
				EB5A6E051A2ACB68007A3C1B /* image04.png */,
				EB5A6E061A2ACB68007A3C1B /* image05.png */,
				EB5A6E091A2ACBD7007A3C1B /* image06.png */,
			);
			path = images;
			sourceTree = "<group>";
		};
		EB5A6DFE1A2AC272007A3C1B /* views */ = {
			isa = PBXGroup;
			children = (
				EB5A6DFF1A2AC287007A3C1B /* ComicViewController.swift */,
				EB5A6E0B1A2ACF06007A3C1B /* ComicView.swift */,
			);
			name = views;
			sourceTree = "<group>";
		};
		EB5A6E111A2ADFFD007A3C1B /* util */ = {
			isa = PBXGroup;
			children = (
				EB5A6E121A2AE007007A3C1B /* Comic.swift */,
				EB2E0D651A2B699800ADB053 /* ObjectiveBridge.h */,
			);
			path = util;
			sourceTree = "<group>";
		};
/* End PBXGroup section */

/* Begin PBXNativeTarget section */
		EB5A6DD51A2ABAFE007A3C1B /* xkcd webcomics */ = {
			isa = PBXNativeTarget;
			buildConfigurationList = EB5A6DF51A2ABAFE007A3C1B /* Build configuration list for PBXNativeTarget "xkcd webcomics" */;
			buildPhases = (
				02C94F344B1FA87D351E75FC /* Check Pods Manifest.lock */,
				EB5A6DD21A2ABAFE007A3C1B /* Sources */,
				EB5A6DD31A2ABAFE007A3C1B /* Frameworks */,
				EB5A6DD41A2ABAFE007A3C1B /* Resources */,
				91E1F03EA0E47A9263E02CAB /* Copy Pods Resources */,
			);
			buildRules = (
			);
			dependencies = (
			);
			name = "xkcd webcomics";
			productName = "xkcd webcomics";
			productReference = EB5A6DD61A2ABAFE007A3C1B /* xkcd webcomics.app */;
			productType = "com.apple.product-type.application";
		};
		EB5A6DEA1A2ABAFE007A3C1B /* xkcd webcomicsTests */ = {
			isa = PBXNativeTarget;
			buildConfigurationList = EB5A6DF81A2ABAFE007A3C1B /* Build configuration list for PBXNativeTarget "xkcd webcomicsTests" */;
			buildPhases = (
				EB5A6DE71A2ABAFE007A3C1B /* Sources */,
				EB5A6DE81A2ABAFE007A3C1B /* Frameworks */,
				EB5A6DE91A2ABAFE007A3C1B /* Resources */,
			);
			buildRules = (
			);
			dependencies = (
				EB5A6DED1A2ABAFE007A3C1B /* PBXTargetDependency */,
			);
			name = "xkcd webcomicsTests";
			productName = "xkcd webcomicsTests";
			productReference = EB5A6DEB1A2ABAFE007A3C1B /* xkcd webcomicsTests.xctest */;
			productType = "com.apple.product-type.bundle.unit-test";
		};
/* End PBXNativeTarget section */

/* Begin PBXProject section */
		EB5A6DCE1A2ABAFE007A3C1B /* Project object */ = {
			isa = PBXProject;
			attributes = {
				LastUpgradeCheck = 0610;
				ORGANIZATIONNAME = CosmicByte;
				TargetAttributes = {
					EB5A6DD51A2ABAFE007A3C1B = {
						CreatedOnToolsVersion = 6.1;
					};
					EB5A6DEA1A2ABAFE007A3C1B = {
						CreatedOnToolsVersion = 6.1;
						TestTargetID = EB5A6DD51A2ABAFE007A3C1B;
					};
				};
			};
			buildConfigurationList = EB5A6DD11A2ABAFE007A3C1B /* Build configuration list for PBXProject "xkcd webcomics" */;
			compatibilityVersion = "Xcode 3.2";
			developmentRegion = English;
			hasScannedForEncodings = 0;
			knownRegions = (
				en,
				Base,
			);
			mainGroup = EB5A6DCD1A2ABAFE007A3C1B;
			productRefGroup = EB5A6DD71A2ABAFE007A3C1B /* Products */;
			projectDirPath = "";
			projectRoot = "";
			targets = (
				EB5A6DD51A2ABAFE007A3C1B /* xkcd webcomics */,
				EB5A6DEA1A2ABAFE007A3C1B /* xkcd webcomicsTests */,
			);
		};
/* End PBXProject section */

/* Begin PBXResourcesBuildPhase section */
		EB5A6DD41A2ABAFE007A3C1B /* Resources */ = {
			isa = PBXResourcesBuildPhase;
			buildActionMask = 2147483647;
			files = (
				EB5A6DE11A2ABAFE007A3C1B /* Main.storyboard in Resources */,
				EB5A6DE61A2ABAFE007A3C1B /* LaunchScreen.xib in Resources */,
				EB5A6E0A1A2ACBD7007A3C1B /* image06.png in Resources */,
				EB5A6E041A2AC9B4007A3C1B /* image03.png in Resources */,
				EB5A6E071A2ACB68007A3C1B /* image04.png in Resources */,
				EB5A6DE31A2ABAFE007A3C1B /* Images.xcassets in Resources */,
				EB5A6E021A2AC503007A3C1B /* image02.png in Resources */,
				EB5A6E081A2ACB68007A3C1B /* image05.png in Resources */,
				EB5A6DFD1A2ABE44007A3C1B /* image01.png in Resources */,
			);
			runOnlyForDeploymentPostprocessing = 0;
		};
		EB5A6DE91A2ABAFE007A3C1B /* Resources */ = {
			isa = PBXResourcesBuildPhase;
			buildActionMask = 2147483647;
			files = (
			);
			runOnlyForDeploymentPostprocessing = 0;
		};
/* End PBXResourcesBuildPhase section */

/* Begin PBXShellScriptBuildPhase section */
		02C94F344B1FA87D351E75FC /* Check Pods Manifest.lock */ = {
			isa = PBXShellScriptBuildPhase;
			buildActionMask = 2147483647;
			files = (
			);
			inputPaths = (
			);
			name = "Check Pods Manifest.lock";
			outputPaths = (
			);
			runOnlyForDeploymentPostprocessing = 0;
			shellPath = /bin/sh;
			shellScript = "diff \"${PODS_ROOT}/../Podfile.lock\" \"${PODS_ROOT}/Manifest.lock\" > /dev/null\nif [[ $? != 0 ]] ; then\n    cat << EOM\nerror: The sandbox is not in sync with the Podfile.lock. Run 'pod install' or update your CocoaPods installation.\nEOM\n    exit 1\nfi\n";
			showEnvVarsInLog = 0;
		};
		91E1F03EA0E47A9263E02CAB /* Copy Pods Resources */ = {
			isa = PBXShellScriptBuildPhase;
			buildActionMask = 2147483647;
			files = (
			);
			inputPaths = (
			);
			name = "Copy Pods Resources";
			outputPaths = (
			);
			runOnlyForDeploymentPostprocessing = 0;
			shellPath = /bin/sh;
			shellScript = "\"${SRCROOT}/Pods/Target Support Files/Pods/Pods-resources.sh\"\n";
			showEnvVarsInLog = 0;
		};
/* End PBXShellScriptBuildPhase section */

/* Begin PBXSourcesBuildPhase section */
		EB5A6DD21A2ABAFE007A3C1B /* Sources */ = {
			isa = PBXSourcesBuildPhase;
			buildActionMask = 2147483647;
			files = (
				EB5A6E0E1A2AD4E3007A3C1B /* Common.swift in Sources */,
				EB5A6E001A2AC287007A3C1B /* ComicViewController.swift in Sources */,
				EB5A6E131A2AE007007A3C1B /* Comic.swift in Sources */,
				EB5A6E0C1A2ACF06007A3C1B /* ComicView.swift in Sources */,
				EB5A6DDC1A2ABAFE007A3C1B /* AppDelegate.swift in Sources */,
			);
			runOnlyForDeploymentPostprocessing = 0;
		};
		EB5A6DE71A2ABAFE007A3C1B /* Sources */ = {
			isa = PBXSourcesBuildPhase;
			buildActionMask = 2147483647;
			files = (
				EB5A6DF21A2ABAFE007A3C1B /* xkcd_webcomicsTests.swift in Sources */,
			);
			runOnlyForDeploymentPostprocessing = 0;
		};
/* End PBXSourcesBuildPhase section */

/* Begin PBXTargetDependency section */
		EB5A6DED1A2ABAFE007A3C1B /* PBXTargetDependency */ = {
			isa = PBXTargetDependency;
			target = EB5A6DD51A2ABAFE007A3C1B /* xkcd webcomics */;
			targetProxy = EB5A6DEC1A2ABAFE007A3C1B /* PBXContainerItemProxy */;
		};
/* End PBXTargetDependency section */

/* Begin PBXVariantGroup section */
		EB5A6DDF1A2ABAFE007A3C1B /* Main.storyboard */ = {
			isa = PBXVariantGroup;
			children = (
				EB5A6DE01A2ABAFE007A3C1B /* Base */,
			);
			name = Main.storyboard;
			sourceTree = "<group>";
		};
		EB5A6DE41A2ABAFE007A3C1B /* LaunchScreen.xib */ = {
			isa = PBXVariantGroup;
			children = (
				EB5A6DE51A2ABAFE007A3C1B /* Base */,
			);
			name = LaunchScreen.xib;
			sourceTree = "<group>";
		};
/* End PBXVariantGroup section */

/* Begin XCBuildConfiguration section */
		EB5A6DF31A2ABAFE007A3C1B /* Debug */ = {
			isa = XCBuildConfiguration;
			buildSettings = {
				ALWAYS_SEARCH_USER_PATHS = NO;
				CLANG_CXX_LANGUAGE_STANDARD = "gnu++0x";
				CLANG_CXX_LIBRARY = "libc++";
				CLANG_ENABLE_MODULES = YES;
				CLANG_ENABLE_OBJC_ARC = YES;
				CLANG_WARN_BOOL_CONVERSION = YES;
				CLANG_WARN_CONSTANT_CONVERSION = YES;
				CLANG_WARN_DIRECT_OBJC_ISA_USAGE = YES_ERROR;
				CLANG_WARN_EMPTY_BODY = YES;
				CLANG_WARN_ENUM_CONVERSION = YES;
				CLANG_WARN_INT_CONVERSION = YES;
				CLANG_WARN_OBJC_ROOT_CLASS = YES_ERROR;
				CLANG_WARN_UNREACHABLE_CODE = YES;
				CLANG_WARN__DUPLICATE_METHOD_MATCH = YES;
				"CODE_SIGN_IDENTITY[sdk=iphoneos*]" = "iPhone Developer";
				COPY_PHASE_STRIP = NO;
				ENABLE_STRICT_OBJC_MSGSEND = YES;
				GCC_C_LANGUAGE_STANDARD = gnu99;
				GCC_DYNAMIC_NO_PIC = NO;
				GCC_OPTIMIZATION_LEVEL = 0;
				GCC_PREPROCESSOR_DEFINITIONS = (
					"DEBUG=1",
					"$(inherited)",
				);
				GCC_SYMBOLS_PRIVATE_EXTERN = NO;
				GCC_WARN_64_TO_32_BIT_CONVERSION = YES;
				GCC_WARN_ABOUT_RETURN_TYPE = YES_ERROR;
				GCC_WARN_UNDECLARED_SELECTOR = YES;
				GCC_WARN_UNINITIALIZED_AUTOS = YES_AGGRESSIVE;
				GCC_WARN_UNUSED_FUNCTION = YES;
				GCC_WARN_UNUSED_VARIABLE = YES;
				IPHONEOS_DEPLOYMENT_TARGET = 8.1;
				MTL_ENABLE_DEBUG_INFO = YES;
				ONLY_ACTIVE_ARCH = YES;
				SDKROOT = iphoneos;
				SWIFT_OPTIMIZATION_LEVEL = "-Onone";
			};
			name = Debug;
		};
		EB5A6DF41A2ABAFE007A3C1B /* Release */ = {
			isa = XCBuildConfiguration;
			buildSettings = {
				ALWAYS_SEARCH_USER_PATHS = NO;
				CLANG_CXX_LANGUAGE_STANDARD = "gnu++0x";
				CLANG_CXX_LIBRARY = "libc++";
				CLANG_ENABLE_MODULES = YES;
				CLANG_ENABLE_OBJC_ARC = YES;
				CLANG_WARN_BOOL_CONVERSION = YES;
				CLANG_WARN_CONSTANT_CONVERSION = YES;
				CLANG_WARN_DIRECT_OBJC_ISA_USAGE = YES_ERROR;
				CLANG_WARN_EMPTY_BODY = YES;
				CLANG_WARN_ENUM_CONVERSION = YES;
				CLANG_WARN_INT_CONVERSION = YES;
				CLANG_WARN_OBJC_ROOT_CLASS = YES_ERROR;
				CLANG_WARN_UNREACHABLE_CODE = YES;
				CLANG_WARN__DUPLICATE_METHOD_MATCH = YES;
				"CODE_SIGN_IDENTITY[sdk=iphoneos*]" = "iPhone Developer";
				COPY_PHASE_STRIP = YES;
				ENABLE_NS_ASSERTIONS = NO;
				ENABLE_STRICT_OBJC_MSGSEND = YES;
				GCC_C_LANGUAGE_STANDARD = gnu99;
				GCC_WARN_64_TO_32_BIT_CONVERSION = YES;
				GCC_WARN_ABOUT_RETURN_TYPE = YES_ERROR;
				GCC_WARN_UNDECLARED_SELECTOR = YES;
				GCC_WARN_UNINITIALIZED_AUTOS = YES_AGGRESSIVE;
				GCC_WARN_UNUSED_FUNCTION = YES;
				GCC_WARN_UNUSED_VARIABLE = YES;
				IPHONEOS_DEPLOYMENT_TARGET = 8.1;
				MTL_ENABLE_DEBUG_INFO = NO;
				SDKROOT = iphoneos;
				VALIDATE_PRODUCT = YES;
			};
			name = Release;
		};
		EB5A6DF61A2ABAFE007A3C1B /* Debug */ = {
			isa = XCBuildConfiguration;
			baseConfigurationReference = 1FEC70A675876C9279AEAF0E /* Pods.debug.xcconfig */;
			buildSettings = {
				ASSETCATALOG_COMPILER_APPICON_NAME = AppIcon;
				INFOPLIST_FILE = "xkcd webcomics/Info.plist";
				LD_RUNPATH_SEARCH_PATHS = "$(inherited) @executable_path/Frameworks";
				PRODUCT_NAME = "$(TARGET_NAME)";
				SWIFT_OBJC_BRIDGING_HEADER = "xkcd webcomics/util/ObjectiveBridge.h";
			};
			name = Debug;
		};
		EB5A6DF71A2ABAFE007A3C1B /* Release */ = {
			isa = XCBuildConfiguration;
			baseConfigurationReference = 4A2D97383E2540DBC4A8D2B2 /* Pods.release.xcconfig */;
			buildSettings = {
				ASSETCATALOG_COMPILER_APPICON_NAME = AppIcon;
				INFOPLIST_FILE = "xkcd webcomics/Info.plist";
				LD_RUNPATH_SEARCH_PATHS = "$(inherited) @executable_path/Frameworks";
				PRODUCT_NAME = "$(TARGET_NAME)";
				SWIFT_OBJC_BRIDGING_HEADER = "xkcd webcomics/util/ObjectiveBridge.h";
			};
			name = Release;
		};
		EB5A6DF91A2ABAFE007A3C1B /* Debug */ = {
			isa = XCBuildConfiguration;
			buildSettings = {
				BUNDLE_LOADER = "$(TEST_HOST)";
				FRAMEWORK_SEARCH_PATHS = (
					"$(SDKROOT)/Developer/Library/Frameworks",
					"$(inherited)",
				);
				GCC_PREPROCESSOR_DEFINITIONS = (
					"DEBUG=1",
					"$(inherited)",
				);
				INFOPLIST_FILE = "xkcd webcomicsTests/Info.plist";
				LD_RUNPATH_SEARCH_PATHS = "$(inherited) @executable_path/Frameworks @loader_path/Frameworks";
				PRODUCT_NAME = "$(TARGET_NAME)";
				TEST_HOST = "$(BUILT_PRODUCTS_DIR)/xkcd webcomics.app/xkcd webcomics";
			};
			name = Debug;
		};
		EB5A6DFA1A2ABAFE007A3C1B /* Release */ = {
			isa = XCBuildConfiguration;
			buildSettings = {
				BUNDLE_LOADER = "$(TEST_HOST)";
				FRAMEWORK_SEARCH_PATHS = (
					"$(SDKROOT)/Developer/Library/Frameworks",
					"$(inherited)",
				);
				INFOPLIST_FILE = "xkcd webcomicsTests/Info.plist";
				LD_RUNPATH_SEARCH_PATHS = "$(inherited) @executable_path/Frameworks @loader_path/Frameworks";
				PRODUCT_NAME = "$(TARGET_NAME)";
				TEST_HOST = "$(BUILT_PRODUCTS_DIR)/xkcd webcomics.app/xkcd webcomics";
			};
			name = Release;
		};
/* End XCBuildConfiguration section */

/* Begin XCConfigurationList section */
		EB5A6DD11A2ABAFE007A3C1B /* Build configuration list for PBXProject "xkcd webcomics" */ = {
			isa = XCConfigurationList;
			buildConfigurations = (
				EB5A6DF31A2ABAFE007A3C1B /* Debug */,
				EB5A6DF41A2ABAFE007A3C1B /* Release */,
			);
			defaultConfigurationIsVisible = 0;
			defaultConfigurationName = Release;
		};
		EB5A6DF51A2ABAFE007A3C1B /* Build configuration list for PBXNativeTarget "xkcd webcomics" */ = {
			isa = XCConfigurationList;
			buildConfigurations = (
				EB5A6DF61A2ABAFE007A3C1B /* Debug */,
				EB5A6DF71A2ABAFE007A3C1B /* Release */,
			);
			defaultConfigurationIsVisible = 0;
			defaultConfigurationName = Release;
		};
		EB5A6DF81A2ABAFE007A3C1B /* Build configuration list for PBXNativeTarget "xkcd webcomicsTests" */ = {
			isa = XCConfigurationList;
			buildConfigurations = (
				EB5A6DF91A2ABAFE007A3C1B /* Debug */,
				EB5A6DFA1A2ABAFE007A3C1B /* Release */,
			);
			defaultConfigurationIsVisible = 0;
			defaultConfigurationName = Release;
		};
/* End XCConfigurationList section */
	};
	rootObject = EB5A6DCE1A2ABAFE007A3C1B /* Project object */;
}
